
Microsoft Visual Studio Solution File, Format Version 12.00
# Visual Studio Version 17
VisualStudioVersion = 17.10.35201.131
MinimumVisualStudioVersion = 10.0.40219.1
Project("{8BC9CEB8-8B4A-11D0-8D11-00A0C91BC942}") = "001_HellowWorld", "001_HellowWorld\001_HellowWorld.vcxproj", "{E32BDCB6-A795-410F-A232-D9271C10E9B3}"
EndProject
Project("{8BC9CEB8-8B4A-11D0-8D11-00A0C91BC942}") = "002_name", "002_name\002_name.vcxproj", "{F6A9311B-E6E6-46C6-8B93-CAEDF8BA2207}"
EndProject
Project("{8BC9CEB8-8B4A-11D0-8D11-00A0C91BC942}") = "004_애국가", "004_애국가\004_애국가.vcxproj", "{D3CCC2D4-DF6F-4B22-819E-17D639EA0EC7}"
EndProject
Project("{8BC9CEB8-8B4A-11D0-8D11-00A0C91BC942}") = "005_plus", "005_plus\005_plus.vcxproj", "{0EF039BC-626A-4467-9254-F6A32A38F68D}"
EndProject
Project("{8BC9CEB8-8B4A-11D0-8D11-00A0C91BC942}") = "006_format", "006_format\006_format.vcxproj", "{2A95FDBA-9127-4EC2-A12F-B8508ACADAF9}"
EndProject
Project("{8BC9CEB8-8B4A-11D0-8D11-00A0C91BC942}") = "007_variable", "007_variable\007_variable.vcxproj", "{DC37447F-C1A9-48EA-ADCF-EB6F12E1CF0F}"
EndProject
Project("{8BC9CEB8-8B4A-11D0-8D11-00A0C91BC942}") = "008_arithmetic", "008_arithmetic\008_arithmetic.vcxproj", "{0D34B507-77B3-40FB-A225-351238D5CC43}"
EndProject
Project("{8BC9CEB8-8B4A-11D0-8D11-00A0C91BC942}") = "009_sizeof", "009_sizeof\009_sizeof.vcxproj", "{A98FDBC1-192C-4B45-928D-DC3708043171}"
EndProject
Project("{8BC9CEB8-8B4A-11D0-8D11-00A0C91BC942}") = "010_Type", "010_Type\010_Type.vcxproj", "{BDEA36C0-BA21-4FFD-B84B-884AB759FEEB}"
EndProject
Project("{8BC9CEB8-8B4A-11D0-8D11-00A0C91BC942}") = "011_Average", "011_Average\011_Average.vcxproj", "{D9E33615-F52D-445F-845A-CB58FC1D8137}"
EndProject
Project("{8BC9CEB8-8B4A-11D0-8D11-00A0C91BC942}") = "012_ASCII", "012_ASCII\012_ASCII.vcxproj", "{51FAF9CB-CE7B-42E3-9AD6-06CEF26769A6}"
EndProject
Project("{8BC9CEB8-8B4A-11D0-8D11-00A0C91BC942}") = "013_ASCII2", "013_ASCII2\013_ASCII2.vcxproj", "{BC5339BC-92D3-4E4D-914C-B49C3E98C62B}"
EndProject
Project("{8BC9CEB8-8B4A-11D0-8D11-00A0C91BC942}") = "014_increment", "014_increment\014_increment.vcxproj", "{E9CED81B-1D72-45F2-8AC3-6E73F2AD0726}"
EndProject
Project("{8BC9CEB8-8B4A-11D0-8D11-00A0C91BC942}") = "015_relationalOp", "015_relationalOp\015_relationalOp.vcxproj", "{32A0E525-E838-46D2-8370-EDCBBC6987BD}"
EndProject
Project("{8BC9CEB8-8B4A-11D0-8D11-00A0C91BC942}") = "017_ scanf", "017_ scanf\017_ scanf.vcxproj", "{C6447A30-88A1-4284-9DC9-6051223FC3EB}"
EndProject
Project("{8BC9CEB8-8B4A-11D0-8D11-00A0C91BC942}") = "018_nextChar", "018_nextChar\018_nextChar.vcxproj", "{7B62F536-51FA-44FA-A59D-2092102DC37E}"
EndProject
Project("{8BC9CEB8-8B4A-11D0-8D11-00A0C91BC942}") = "019_evenOdd", "019_evenOdd\019_evenOdd.vcxproj", "{5A62A7DC-1E79-484E-ACE8-0010E44A1602}"
EndProject
Project("{8BC9CEB8-8B4A-11D0-8D11-00A0C91BC942}") = "020_plusMinus", "020_plusMinus\020_plusMinus.vcxproj", "{3960ED14-FF01-4FD7-B002-6E226D5E9EB5}"
EndProject
Project("{8BC9CEB8-8B4A-11D0-8D11-00A0C91BC942}") = "021_descending", "021_descending\021_descending.vcxproj", "{9507203E-A6D2-469A-ADC4-A9A2541856D2}"
EndProject
Project("{8BC9CEB8-8B4A-11D0-8D11-00A0C91BC942}") = "022_menu", "022_menu\022_menu.vcxproj", "{BB8A7CA3-798E-4522-A111-2B8B96A3E216}"
EndProject
Project("{8BC9CEB8-8B4A-11D0-8D11-00A0C91BC942}") = "023_swiych", "023_swiych\023_swiych.vcxproj", "{9566976E-3BBB-49BC-B652-8E4D8E2F1F52}"
EndProject
Project("{8BC9CEB8-8B4A-11D0-8D11-00A0C91BC942}") = "024_while", "024_while\024_while.vcxproj", "{3C8372CD-E4E9-4725-8DF8-715E7A65634C}"
EndProject
Project("{8BC9CEB8-8B4A-11D0-8D11-00A0C91BC942}") = "025_dowhile", "025_dowhile\025_dowhile.vcxproj", "{D491FADE-A52C-4F1F-BCA7-0AEFB66E530E}"
EndProject
Project("{8BC9CEB8-8B4A-11D0-8D11-00A0C91BC942}") = "026_menul", "026_menul\026_menul.vcxproj", "{8A38B03C-70E1-43E8-83ED-DF350AE482BC}"
EndProject
Project("{8BC9CEB8-8B4A-11D0-8D11-00A0C91BC942}") = "027_3problems", "027_3problems\027_3problems.vcxproj", "{03CC5BA2-4F11-4949-849E-D8C396103741}"
EndProject
Project("{8BC9CEB8-8B4A-11D0-8D11-00A0C91BC942}") = "028_3problemsWithFor", "028_3problemsWithFor\028_3problemsWithFor.vcxproj", "{749D1C00-266E-44C4-8838-2575B0249D64}"
EndProject
Project("{8BC9CEB8-8B4A-11D0-8D11-00A0C91BC942}") = "029_ex4_17", "029_ex4_17\029_ex4_17.vcxproj", "{0EFC8DB5-B4CE-496A-BF9C-0AFAA8CAB184}"
EndProject
Project("{8BC9CEB8-8B4A-11D0-8D11-00A0C91BC942}") = "030_break&continue", "030_break&continue\030_break&continue.vcxproj", "{1C8846BE-D00A-4309-B4B8-DA59364A039D}"
EndProject
Project("{8BC9CEB8-8B4A-11D0-8D11-00A0C91BC942}") = "031_doubleLoop", "031_doubleLoop\031_doubleLoop.vcxproj", "{1A76F148-ABCB-4F0C-A041-D00E60ED287E}"
EndProject
Project("{8BC9CEB8-8B4A-11D0-8D11-00A0C91BC942}") = "032_array", "032_array\032_array.vcxproj", "{7D92AABF-B5E6-4FFA-9665-9DD70FE18A29}"
EndProject
Project("{8BC9CEB8-8B4A-11D0-8D11-00A0C91BC942}") = "033_arrPrint", "033_arrPrint\033_arrPrint.vcxproj", "{12078E4C-92B9-466C-B185-61AEF3E77773}"
EndProject
Project("{8BC9CEB8-8B4A-11D0-8D11-00A0C91BC942}") = "034_ twoDarray", "034_ twoDarray\034_ twoDarray.vcxproj", "{58F9F354-9626-4E4A-B2FA-5F121098C998}"
EndProject
Project("{8BC9CEB8-8B4A-11D0-8D11-00A0C91BC942}") = "035_p150_4", "035_p150_4\035_p150_4.vcxproj", "{1AF4250F-B6FC-4BBE-8C7D-993257E9B4CA}"
EndProject
Project("{8BC9CEB8-8B4A-11D0-8D11-00A0C91BC942}") = "036_str", "036_str\036_str.vcxproj", "{FE721D67-D252-42F5-B04D-06ABC3890D86}"
EndProject
Project("{8BC9CEB8-8B4A-11D0-8D11-00A0C91BC942}") = "037_strlen", "037_strlen\037_strlen.vcxproj", "{8C395A18-E536-4AEA-A40E-BCC606CEEDBC}"
EndProject
Project("{8BC9CEB8-8B4A-11D0-8D11-00A0C91BC942}") = "038_pointer", "038_pointer\038_pointer.vcxproj", "{212B3E73-E0E5-4E27-A454-6F71C9084EAE}"
EndProject
Project("{8BC9CEB8-8B4A-11D0-8D11-00A0C91BC942}") = "039_pointer2", "039_pointer2\039_pointer2.vcxproj", "{92AA714E-7828-4D28-A602-1EFB09988B9F}"
EndProject
Project("{8BC9CEB8-8B4A-11D0-8D11-00A0C91BC942}") = "040_doublepointer", "040_doublepointer\040_doublepointer.vcxproj", "{123E1474-B2A8-4498-AAB0-BFAA1F0C484C}"
EndProject
Project("{8BC9CEB8-8B4A-11D0-8D11-00A0C91BC942}") = "041_pointerPlus", "041_pointerPlus\041_pointerPlus.vcxproj", "{9B30AFBB-6BE5-4FA5-8171-07A5E4F2FCD3}"
EndProject
Project("{8BC9CEB8-8B4A-11D0-8D11-00A0C91BC942}") = "043_pointerAndArray", "043_pointerAndArray\043_pointerAndArray.vcxproj", "{A5687233-8D52-4414-9CC3-DF2F54FD4951}"
EndProject
Project("{8BC9CEB8-8B4A-11D0-8D11-00A0C91BC942}") = "042_pointerPlusint", "042_pointerPlusint\042_pointerPlusint.vcxproj", "{09B03C4C-928B-4B51-BEBD-A15C51F54E43}"
EndProject
Project("{8BC9CEB8-8B4A-11D0-8D11-00A0C91BC942}") = "044_arrayPointer", "044_arrayPointer\044_arrayPointer.vcxproj", "{1678B381-448D-42ED-8334-BA42D96317FB}"
EndProject
Project("{8BC9CEB8-8B4A-11D0-8D11-00A0C91BC942}") = "045_2DArray", "045_2DArray\045_2DArray.vcxproj", "{FDE7E5E7-5186-425C-817C-28349DBD2310}"
EndProject
Project("{8BC9CEB8-8B4A-11D0-8D11-00A0C91BC942}") = "047_function", "047_function\047_function.vcxproj", "{A1CA0FBA-5F8C-4049-82F9-6EE3B38567E0}"
EndProject
Global
	GlobalSection(SolutionConfigurationPlatforms) = preSolution
		Debug|x64 = Debug|x64
		Debug|x86 = Debug|x86
		Release|x64 = Release|x64
		Release|x86 = Release|x86
	EndGlobalSection
	GlobalSection(ProjectConfigurationPlatforms) = postSolution
		{E32BDCB6-A795-410F-A232-D9271C10E9B3}.Debug|x64.ActiveCfg = Debug|x64
		{E32BDCB6-A795-410F-A232-D9271C10E9B3}.Debug|x64.Build.0 = Debug|x64
		{E32BDCB6-A795-410F-A232-D9271C10E9B3}.Debug|x86.ActiveCfg = Debug|Win32
		{E32BDCB6-A795-410F-A232-D9271C10E9B3}.Debug|x86.Build.0 = Debug|Win32
		{E32BDCB6-A795-410F-A232-D9271C10E9B3}.Release|x64.ActiveCfg = Release|x64
		{E32BDCB6-A795-410F-A232-D9271C10E9B3}.Release|x64.Build.0 = Release|x64
		{E32BDCB6-A795-410F-A232-D9271C10E9B3}.Release|x86.ActiveCfg = Release|Win32
		{E32BDCB6-A795-410F-A232-D9271C10E9B3}.Release|x86.Build.0 = Release|Win32
		{F6A9311B-E6E6-46C6-8B93-CAEDF8BA2207}.Debug|x64.ActiveCfg = Debug|x64
		{F6A9311B-E6E6-46C6-8B93-CAEDF8BA2207}.Debug|x64.Build.0 = Debug|x64
		{F6A9311B-E6E6-46C6-8B93-CAEDF8BA2207}.Debug|x86.ActiveCfg = Debug|Win32
		{F6A9311B-E6E6-46C6-8B93-CAEDF8BA2207}.Debug|x86.Build.0 = Debug|Win32
		{F6A9311B-E6E6-46C6-8B93-CAEDF8BA2207}.Release|x64.ActiveCfg = Release|x64
		{F6A9311B-E6E6-46C6-8B93-CAEDF8BA2207}.Release|x64.Build.0 = Release|x64
		{F6A9311B-E6E6-46C6-8B93-CAEDF8BA2207}.Release|x86.ActiveCfg = Release|Win32
		{F6A9311B-E6E6-46C6-8B93-CAEDF8BA2207}.Release|x86.Build.0 = Release|Win32
		{D3CCC2D4-DF6F-4B22-819E-17D639EA0EC7}.Debug|x64.ActiveCfg = Debug|x64
		{D3CCC2D4-DF6F-4B22-819E-17D639EA0EC7}.Debug|x64.Build.0 = Debug|x64
		{D3CCC2D4-DF6F-4B22-819E-17D639EA0EC7}.Debug|x86.ActiveCfg = Debug|Win32
		{D3CCC2D4-DF6F-4B22-819E-17D639EA0EC7}.Debug|x86.Build.0 = Debug|Win32
		{D3CCC2D4-DF6F-4B22-819E-17D639EA0EC7}.Release|x64.ActiveCfg = Release|x64
		{D3CCC2D4-DF6F-4B22-819E-17D639EA0EC7}.Release|x64.Build.0 = Release|x64
		{D3CCC2D4-DF6F-4B22-819E-17D639EA0EC7}.Release|x86.ActiveCfg = Release|Win32
		{D3CCC2D4-DF6F-4B22-819E-17D639EA0EC7}.Release|x86.Build.0 = Release|Win32
		{0EF039BC-626A-4467-9254-F6A32A38F68D}.Debug|x64.ActiveCfg = Debug|x64
		{0EF039BC-626A-4467-9254-F6A32A38F68D}.Debug|x64.Build.0 = Debug|x64
		{0EF039BC-626A-4467-9254-F6A32A38F68D}.Debug|x86.ActiveCfg = Debug|Win32
		{0EF039BC-626A-4467-9254-F6A32A38F68D}.Debug|x86.Build.0 = Debug|Win32
		{0EF039BC-626A-4467-9254-F6A32A38F68D}.Release|x64.ActiveCfg = Release|x64
		{0EF039BC-626A-4467-9254-F6A32A38F68D}.Release|x64.Build.0 = Release|x64
		{0EF039BC-626A-4467-9254-F6A32A38F68D}.Release|x86.ActiveCfg = Release|Win32
		{0EF039BC-626A-4467-9254-F6A32A38F68D}.Release|x86.Build.0 = Release|Win32
		{2A95FDBA-9127-4EC2-A12F-B8508ACADAF9}.Debug|x64.ActiveCfg = Debug|x64
		{2A95FDBA-9127-4EC2-A12F-B8508ACADAF9}.Debug|x64.Build.0 = Debug|x64
		{2A95FDBA-9127-4EC2-A12F-B8508ACADAF9}.Debug|x86.ActiveCfg = Debug|Win32
		{2A95FDBA-9127-4EC2-A12F-B8508ACADAF9}.Debug|x86.Build.0 = Debug|Win32
		{2A95FDBA-9127-4EC2-A12F-B8508ACADAF9}.Release|x64.ActiveCfg = Release|x64
		{2A95FDBA-9127-4EC2-A12F-B8508ACADAF9}.Release|x64.Build.0 = Release|x64
		{2A95FDBA-9127-4EC2-A12F-B8508ACADAF9}.Release|x86.ActiveCfg = Release|Win32
		{2A95FDBA-9127-4EC2-A12F-B8508ACADAF9}.Release|x86.Build.0 = Release|Win32
		{DC37447F-C1A9-48EA-ADCF-EB6F12E1CF0F}.Debug|x64.ActiveCfg = Debug|x64
		{DC37447F-C1A9-48EA-ADCF-EB6F12E1CF0F}.Debug|x64.Build.0 = Debug|x64
		{DC37447F-C1A9-48EA-ADCF-EB6F12E1CF0F}.Debug|x86.ActiveCfg = Debug|Win32
		{DC37447F-C1A9-48EA-ADCF-EB6F12E1CF0F}.Debug|x86.Build.0 = Debug|Win32
		{DC37447F-C1A9-48EA-ADCF-EB6F12E1CF0F}.Release|x64.ActiveCfg = Release|x64
		{DC37447F-C1A9-48EA-ADCF-EB6F12E1CF0F}.Release|x64.Build.0 = Release|x64
		{DC37447F-C1A9-48EA-ADCF-EB6F12E1CF0F}.Release|x86.ActiveCfg = Release|Win32
		{DC37447F-C1A9-48EA-ADCF-EB6F12E1CF0F}.Release|x86.Build.0 = Release|Win32
		{0D34B507-77B3-40FB-A225-351238D5CC43}.Debug|x64.ActiveCfg = Debug|x64
		{0D34B507-77B3-40FB-A225-351238D5CC43}.Debug|x64.Build.0 = Debug|x64
		{0D34B507-77B3-40FB-A225-351238D5CC43}.Debug|x86.ActiveCfg = Debug|Win32
		{0D34B507-77B3-40FB-A225-351238D5CC43}.Debug|x86.Build.0 = Debug|Win32
		{0D34B507-77B3-40FB-A225-351238D5CC43}.Release|x64.ActiveCfg = Release|x64
		{0D34B507-77B3-40FB-A225-351238D5CC43}.Release|x64.Build.0 = Release|x64
		{0D34B507-77B3-40FB-A225-351238D5CC43}.Release|x86.ActiveCfg = Release|Win32
		{0D34B507-77B3-40FB-A225-351238D5CC43}.Release|x86.Build.0 = Release|Win32
		{A98FDBC1-192C-4B45-928D-DC3708043171}.Debug|x64.ActiveCfg = Debug|x64
		{A98FDBC1-192C-4B45-928D-DC3708043171}.Debug|x64.Build.0 = Debug|x64
		{A98FDBC1-192C-4B45-928D-DC3708043171}.Debug|x86.ActiveCfg = Debug|Win32
		{A98FDBC1-192C-4B45-928D-DC3708043171}.Debug|x86.Build.0 = Debug|Win32
		{A98FDBC1-192C-4B45-928D-DC3708043171}.Release|x64.ActiveCfg = Release|x64
		{A98FDBC1-192C-4B45-928D-DC3708043171}.Release|x64.Build.0 = Release|x64
		{A98FDBC1-192C-4B45-928D-DC3708043171}.Release|x86.ActiveCfg = Release|Win32
		{A98FDBC1-192C-4B45-928D-DC3708043171}.Release|x86.Build.0 = Release|Win32
		{BDEA36C0-BA21-4FFD-B84B-884AB759FEEB}.Debug|x64.ActiveCfg = Debug|x64
		{BDEA36C0-BA21-4FFD-B84B-884AB759FEEB}.Debug|x64.Build.0 = Debug|x64
		{BDEA36C0-BA21-4FFD-B84B-884AB759FEEB}.Debug|x86.ActiveCfg = Debug|Win32
		{BDEA36C0-BA21-4FFD-B84B-884AB759FEEB}.Debug|x86.Build.0 = Debug|Win32
		{BDEA36C0-BA21-4FFD-B84B-884AB759FEEB}.Release|x64.ActiveCfg = Release|x64
		{BDEA36C0-BA21-4FFD-B84B-884AB759FEEB}.Release|x64.Build.0 = Release|x64
		{BDEA36C0-BA21-4FFD-B84B-884AB759FEEB}.Release|x86.ActiveCfg = Release|Win32
		{BDEA36C0-BA21-4FFD-B84B-884AB759FEEB}.Release|x86.Build.0 = Release|Win32
		{D9E33615-F52D-445F-845A-CB58FC1D8137}.Debug|x64.ActiveCfg = Debug|x64
		{D9E33615-F52D-445F-845A-CB58FC1D8137}.Debug|x64.Build.0 = Debug|x64
		{D9E33615-F52D-445F-845A-CB58FC1D8137}.Debug|x86.ActiveCfg = Debug|Win32
		{D9E33615-F52D-445F-845A-CB58FC1D8137}.Debug|x86.Build.0 = Debug|Win32
		{D9E33615-F52D-445F-845A-CB58FC1D8137}.Release|x64.ActiveCfg = Release|x64
		{D9E33615-F52D-445F-845A-CB58FC1D8137}.Release|x64.Build.0 = Release|x64
		{D9E33615-F52D-445F-845A-CB58FC1D8137}.Release|x86.ActiveCfg = Release|Win32
		{D9E33615-F52D-445F-845A-CB58FC1D8137}.Release|x86.Build.0 = Release|Win32
		{51FAF9CB-CE7B-42E3-9AD6-06CEF26769A6}.Debug|x64.ActiveCfg = Debug|x64
		{51FAF9CB-CE7B-42E3-9AD6-06CEF26769A6}.Debug|x64.Build.0 = Debug|x64
		{51FAF9CB-CE7B-42E3-9AD6-06CEF26769A6}.Debug|x86.ActiveCfg = Debug|Win32
		{51FAF9CB-CE7B-42E3-9AD6-06CEF26769A6}.Debug|x86.Build.0 = Debug|Win32
		{51FAF9CB-CE7B-42E3-9AD6-06CEF26769A6}.Release|x64.ActiveCfg = Release|x64
		{51FAF9CB-CE7B-42E3-9AD6-06CEF26769A6}.Release|x64.Build.0 = Release|x64
		{51FAF9CB-CE7B-42E3-9AD6-06CEF26769A6}.Release|x86.ActiveCfg = Release|Win32
		{51FAF9CB-CE7B-42E3-9AD6-06CEF26769A6}.Release|x86.Build.0 = Release|Win32
		{BC5339BC-92D3-4E4D-914C-B49C3E98C62B}.Debug|x64.ActiveCfg = Debug|x64
		{BC5339BC-92D3-4E4D-914C-B49C3E98C62B}.Debug|x64.Build.0 = Debug|x64
		{BC5339BC-92D3-4E4D-914C-B49C3E98C62B}.Debug|x86.ActiveCfg = Debug|Win32
		{BC5339BC-92D3-4E4D-914C-B49C3E98C62B}.Debug|x86.Build.0 = Debug|Win32
		{BC5339BC-92D3-4E4D-914C-B49C3E98C62B}.Release|x64.ActiveCfg = Release|x64
		{BC5339BC-92D3-4E4D-914C-B49C3E98C62B}.Release|x64.Build.0 = Release|x64
		{BC5339BC-92D3-4E4D-914C-B49C3E98C62B}.Release|x86.ActiveCfg = Release|Win32
		{BC5339BC-92D3-4E4D-914C-B49C3E98C62B}.Release|x86.Build.0 = Release|Win32
		{E9CED81B-1D72-45F2-8AC3-6E73F2AD0726}.Debug|x64.ActiveCfg = Debug|x64
		{E9CED81B-1D72-45F2-8AC3-6E73F2AD0726}.Debug|x64.Build.0 = Debug|x64
		{E9CED81B-1D72-45F2-8AC3-6E73F2AD0726}.Debug|x86.ActiveCfg = Debug|Win32
		{E9CED81B-1D72-45F2-8AC3-6E73F2AD0726}.Debug|x86.Build.0 = Debug|Win32
		{E9CED81B-1D72-45F2-8AC3-6E73F2AD0726}.Release|x64.ActiveCfg = Release|x64
		{E9CED81B-1D72-45F2-8AC3-6E73F2AD0726}.Release|x64.Build.0 = Release|x64
		{E9CED81B-1D72-45F2-8AC3-6E73F2AD0726}.Release|x86.ActiveCfg = Release|Win32
		{E9CED81B-1D72-45F2-8AC3-6E73F2AD0726}.Release|x86.Build.0 = Release|Win32
		{32A0E525-E838-46D2-8370-EDCBBC6987BD}.Debug|x64.ActiveCfg = Debug|x64
		{32A0E525-E838-46D2-8370-EDCBBC6987BD}.Debug|x64.Build.0 = Debug|x64
		{32A0E525-E838-46D2-8370-EDCBBC6987BD}.Debug|x86.ActiveCfg = Debug|Win32
		{32A0E525-E838-46D2-8370-EDCBBC6987BD}.Debug|x86.Build.0 = Debug|Win32
		{32A0E525-E838-46D2-8370-EDCBBC6987BD}.Release|x64.ActiveCfg = Release|x64
		{32A0E525-E838-46D2-8370-EDCBBC6987BD}.Release|x64.Build.0 = Release|x64
		{32A0E525-E838-46D2-8370-EDCBBC6987BD}.Release|x86.ActiveCfg = Release|Win32
		{32A0E525-E838-46D2-8370-EDCBBC6987BD}.Release|x86.Build.0 = Release|Win32
		{C6447A30-88A1-4284-9DC9-6051223FC3EB}.Debug|x64.ActiveCfg = Debug|x64
		{C6447A30-88A1-4284-9DC9-6051223FC3EB}.Debug|x64.Build.0 = Debug|x64
		{C6447A30-88A1-4284-9DC9-6051223FC3EB}.Debug|x86.ActiveCfg = Debug|Win32
		{C6447A30-88A1-4284-9DC9-6051223FC3EB}.Debug|x86.Build.0 = Debug|Win32
		{C6447A30-88A1-4284-9DC9-6051223FC3EB}.Release|x64.ActiveCfg = Release|x64
		{C6447A30-88A1-4284-9DC9-6051223FC3EB}.Release|x64.Build.0 = Release|x64
		{C6447A30-88A1-4284-9DC9-6051223FC3EB}.Release|x86.ActiveCfg = Release|Win32
		{C6447A30-88A1-4284-9DC9-6051223FC3EB}.Release|x86.Build.0 = Release|Win32
		{7B62F536-51FA-44FA-A59D-2092102DC37E}.Debug|x64.ActiveCfg = Debug|x64
		{7B62F536-51FA-44FA-A59D-2092102DC37E}.Debug|x64.Build.0 = Debug|x64
		{7B62F536-51FA-44FA-A59D-2092102DC37E}.Debug|x86.ActiveCfg = Debug|Win32
		{7B62F536-51FA-44FA-A59D-2092102DC37E}.Debug|x86.Build.0 = Debug|Win32
		{7B62F536-51FA-44FA-A59D-2092102DC37E}.Release|x64.ActiveCfg = Release|x64
		{7B62F536-51FA-44FA-A59D-2092102DC37E}.Release|x64.Build.0 = Release|x64
		{7B62F536-51FA-44FA-A59D-2092102DC37E}.Release|x86.ActiveCfg = Release|Win32
		{7B62F536-51FA-44FA-A59D-2092102DC37E}.Release|x86.Build.0 = Release|Win32
		{5A62A7DC-1E79-484E-ACE8-0010E44A1602}.Debug|x64.ActiveCfg = Debug|x64
		{5A62A7DC-1E79-484E-ACE8-0010E44A1602}.Debug|x64.Build.0 = Debug|x64
		{5A62A7DC-1E79-484E-ACE8-0010E44A1602}.Debug|x86.ActiveCfg = Debug|Win32
		{5A62A7DC-1E79-484E-ACE8-0010E44A1602}.Debug|x86.Build.0 = Debug|Win32
		{5A62A7DC-1E79-484E-ACE8-0010E44A1602}.Release|x64.ActiveCfg = Release|x64
		{5A62A7DC-1E79-484E-ACE8-0010E44A1602}.Release|x64.Build.0 = Release|x64
		{5A62A7DC-1E79-484E-ACE8-0010E44A1602}.Release|x86.ActiveCfg = Release|Win32
		{5A62A7DC-1E79-484E-ACE8-0010E44A1602}.Release|x86.Build.0 = Release|Win32
		{3960ED14-FF01-4FD7-B002-6E226D5E9EB5}.Debug|x64.ActiveCfg = Debug|x64
		{3960ED14-FF01-4FD7-B002-6E226D5E9EB5}.Debug|x64.Build.0 = Debug|x64
		{3960ED14-FF01-4FD7-B002-6E226D5E9EB5}.Debug|x86.ActiveCfg = Debug|Win32
		{3960ED14-FF01-4FD7-B002-6E226D5E9EB5}.Debug|x86.Build.0 = Debug|Win32
		{3960ED14-FF01-4FD7-B002-6E226D5E9EB5}.Release|x64.ActiveCfg = Release|x64
		{3960ED14-FF01-4FD7-B002-6E226D5E9EB5}.Release|x64.Build.0 = Release|x64
		{3960ED14-FF01-4FD7-B002-6E226D5E9EB5}.Release|x86.ActiveCfg = Release|Win32
		{3960ED14-FF01-4FD7-B002-6E226D5E9EB5}.Release|x86.Build.0 = Release|Win32
		{9507203E-A6D2-469A-ADC4-A9A2541856D2}.Debug|x64.ActiveCfg = Debug|x64
		{9507203E-A6D2-469A-ADC4-A9A2541856D2}.Debug|x64.Build.0 = Debug|x64
		{9507203E-A6D2-469A-ADC4-A9A2541856D2}.Debug|x86.ActiveCfg = Debug|Win32
		{9507203E-A6D2-469A-ADC4-A9A2541856D2}.Debug|x86.Build.0 = Debug|Win32
		{9507203E-A6D2-469A-ADC4-A9A2541856D2}.Release|x64.ActiveCfg = Release|x64
		{9507203E-A6D2-469A-ADC4-A9A2541856D2}.Release|x64.Build.0 = Release|x64
		{9507203E-A6D2-469A-ADC4-A9A2541856D2}.Release|x86.ActiveCfg = Release|Win32
		{9507203E-A6D2-469A-ADC4-A9A2541856D2}.Release|x86.Build.0 = Release|Win32
		{BB8A7CA3-798E-4522-A111-2B8B96A3E216}.Debug|x64.ActiveCfg = Debug|x64
		{BB8A7CA3-798E-4522-A111-2B8B96A3E216}.Debug|x64.Build.0 = Debug|x64
		{BB8A7CA3-798E-4522-A111-2B8B96A3E216}.Debug|x86.ActiveCfg = Debug|Win32
		{BB8A7CA3-798E-4522-A111-2B8B96A3E216}.Debug|x86.Build.0 = Debug|Win32
		{BB8A7CA3-798E-4522-A111-2B8B96A3E216}.Release|x64.ActiveCfg = Release|x64
		{BB8A7CA3-798E-4522-A111-2B8B96A3E216}.Release|x64.Build.0 = Release|x64
		{BB8A7CA3-798E-4522-A111-2B8B96A3E216}.Release|x86.ActiveCfg = Release|Win32
		{BB8A7CA3-798E-4522-A111-2B8B96A3E216}.Release|x86.Build.0 = Release|Win32
		{9566976E-3BBB-49BC-B652-8E4D8E2F1F52}.Debug|x64.ActiveCfg = Debug|x64
		{9566976E-3BBB-49BC-B652-8E4D8E2F1F52}.Debug|x64.Build.0 = Debug|x64
		{9566976E-3BBB-49BC-B652-8E4D8E2F1F52}.Debug|x86.ActiveCfg = Debug|Win32
		{9566976E-3BBB-49BC-B652-8E4D8E2F1F52}.Debug|x86.Build.0 = Debug|Win32
		{9566976E-3BBB-49BC-B652-8E4D8E2F1F52}.Release|x64.ActiveCfg = Release|x64
		{9566976E-3BBB-49BC-B652-8E4D8E2F1F52}.Release|x64.Build.0 = Release|x64
		{9566976E-3BBB-49BC-B652-8E4D8E2F1F52}.Release|x86.ActiveCfg = Release|Win32
		{9566976E-3BBB-49BC-B652-8E4D8E2F1F52}.Release|x86.Build.0 = Release|Win32
		{3C8372CD-E4E9-4725-8DF8-715E7A65634C}.Debug|x64.ActiveCfg = Debug|x64
		{3C8372CD-E4E9-4725-8DF8-715E7A65634C}.Debug|x64.Build.0 = Debug|x64
		{3C8372CD-E4E9-4725-8DF8-715E7A65634C}.Debug|x86.ActiveCfg = Debug|Win32
		{3C8372CD-E4E9-4725-8DF8-715E7A65634C}.Debug|x86.Build.0 = Debug|Win32
		{3C8372CD-E4E9-4725-8DF8-715E7A65634C}.Release|x64.ActiveCfg = Release|x64
		{3C8372CD-E4E9-4725-8DF8-715E7A65634C}.Release|x64.Build.0 = Release|x64
		{3C8372CD-E4E9-4725-8DF8-715E7A65634C}.Release|x86.ActiveCfg = Release|Win32
		{3C8372CD-E4E9-4725-8DF8-715E7A65634C}.Release|x86.Build.0 = Release|Win32
		{D491FADE-A52C-4F1F-BCA7-0AEFB66E530E}.Debug|x64.ActiveCfg = Debug|x64
		{D491FADE-A52C-4F1F-BCA7-0AEFB66E530E}.Debug|x64.Build.0 = Debug|x64
		{D491FADE-A52C-4F1F-BCA7-0AEFB66E530E}.Debug|x86.ActiveCfg = Debug|Win32
		{D491FADE-A52C-4F1F-BCA7-0AEFB66E530E}.Debug|x86.Build.0 = Debug|Win32
		{D491FADE-A52C-4F1F-BCA7-0AEFB66E530E}.Release|x64.ActiveCfg = Release|x64
		{D491FADE-A52C-4F1F-BCA7-0AEFB66E530E}.Release|x64.Build.0 = Release|x64
		{D491FADE-A52C-4F1F-BCA7-0AEFB66E530E}.Release|x86.ActiveCfg = Release|Win32
		{D491FADE-A52C-4F1F-BCA7-0AEFB66E530E}.Release|x86.Build.0 = Release|Win32
		{8A38B03C-70E1-43E8-83ED-DF350AE482BC}.Debug|x64.ActiveCfg = Debug|x64
		{8A38B03C-70E1-43E8-83ED-DF350AE482BC}.Debug|x64.Build.0 = Debug|x64
		{8A38B03C-70E1-43E8-83ED-DF350AE482BC}.Debug|x86.ActiveCfg = Debug|Win32
		{8A38B03C-70E1-43E8-83ED-DF350AE482BC}.Debug|x86.Build.0 = Debug|Win32
		{8A38B03C-70E1-43E8-83ED-DF350AE482BC}.Release|x64.ActiveCfg = Release|x64
		{8A38B03C-70E1-43E8-83ED-DF350AE482BC}.Release|x64.Build.0 = Release|x64
		{8A38B03C-70E1-43E8-83ED-DF350AE482BC}.Release|x86.ActiveCfg = Release|Win32
		{8A38B03C-70E1-43E8-83ED-DF350AE482BC}.Release|x86.Build.0 = Release|Win32
		{03CC5BA2-4F11-4949-849E-D8C396103741}.Debug|x64.ActiveCfg = Debug|x64
		{03CC5BA2-4F11-4949-849E-D8C396103741}.Debug|x64.Build.0 = Debug|x64
		{03CC5BA2-4F11-4949-849E-D8C396103741}.Debug|x86.ActiveCfg = Debug|Win32
		{03CC5BA2-4F11-4949-849E-D8C396103741}.Debug|x86.Build.0 = Debug|Win32
		{03CC5BA2-4F11-4949-849E-D8C396103741}.Release|x64.ActiveCfg = Release|x64
		{03CC5BA2-4F11-4949-849E-D8C396103741}.Release|x64.Build.0 = Release|x64
		{03CC5BA2-4F11-4949-849E-D8C396103741}.Release|x86.ActiveCfg = Release|Win32
		{03CC5BA2-4F11-4949-849E-D8C396103741}.Release|x86.Build.0 = Release|Win32
		{749D1C00-266E-44C4-8838-2575B0249D64}.Debug|x64.ActiveCfg = Debug|x64
		{749D1C00-266E-44C4-8838-2575B0249D64}.Debug|x64.Build.0 = Debug|x64
		{749D1C00-266E-44C4-8838-2575B0249D64}.Debug|x86.ActiveCfg = Debug|Win32
		{749D1C00-266E-44C4-8838-2575B0249D64}.Debug|x86.Build.0 = Debug|Win32
		{749D1C00-266E-44C4-8838-2575B0249D64}.Release|x64.ActiveCfg = Release|x64
		{749D1C00-266E-44C4-8838-2575B0249D64}.Release|x64.Build.0 = Release|x64
		{749D1C00-266E-44C4-8838-2575B0249D64}.Release|x86.ActiveCfg = Release|Win32
		{749D1C00-266E-44C4-8838-2575B0249D64}.Release|x86.Build.0 = Release|Win32
		{0EFC8DB5-B4CE-496A-BF9C-0AFAA8CAB184}.Debug|x64.ActiveCfg = Debug|x64
		{0EFC8DB5-B4CE-496A-BF9C-0AFAA8CAB184}.Debug|x64.Build.0 = Debug|x64
		{0EFC8DB5-B4CE-496A-BF9C-0AFAA8CAB184}.Debug|x86.ActiveCfg = Debug|Win32
		{0EFC8DB5-B4CE-496A-BF9C-0AFAA8CAB184}.Debug|x86.Build.0 = Debug|Win32
		{0EFC8DB5-B4CE-496A-BF9C-0AFAA8CAB184}.Release|x64.ActiveCfg = Release|x64
		{0EFC8DB5-B4CE-496A-BF9C-0AFAA8CAB184}.Release|x64.Build.0 = Release|x64
		{0EFC8DB5-B4CE-496A-BF9C-0AFAA8CAB184}.Release|x86.ActiveCfg = Release|Win32
		{0EFC8DB5-B4CE-496A-BF9C-0AFAA8CAB184}.Release|x86.Build.0 = Release|Win32
		{1C8846BE-D00A-4309-B4B8-DA59364A039D}.Debug|x64.ActiveCfg = Debug|x64
		{1C8846BE-D00A-4309-B4B8-DA59364A039D}.Debug|x64.Build.0 = Debug|x64
		{1C8846BE-D00A-4309-B4B8-DA59364A039D}.Debug|x86.ActiveCfg = Debug|Win32
		{1C8846BE-D00A-4309-B4B8-DA59364A039D}.Debug|x86.Build.0 = Debug|Win32
		{1C8846BE-D00A-4309-B4B8-DA59364A039D}.Release|x64.ActiveCfg = Release|x64
		{1C8846BE-D00A-4309-B4B8-DA59364A039D}.Release|x64.Build.0 = Release|x64
		{1C8846BE-D00A-4309-B4B8-DA59364A039D}.Release|x86.ActiveCfg = Release|Win32
		{1C8846BE-D00A-4309-B4B8-DA59364A039D}.Release|x86.Build.0 = Release|Win32
		{1A76F148-ABCB-4F0C-A041-D00E60ED287E}.Debug|x64.ActiveCfg = Debug|x64
		{1A76F148-ABCB-4F0C-A041-D00E60ED287E}.Debug|x64.Build.0 = Debug|x64
		{1A76F148-ABCB-4F0C-A041-D00E60ED287E}.Debug|x86.ActiveCfg = Debug|Win32
		{1A76F148-ABCB-4F0C-A041-D00E60ED287E}.Debug|x86.Build.0 = Debug|Win32
		{1A76F148-ABCB-4F0C-A041-D00E60ED287E}.Release|x64.ActiveCfg = Release|x64
		{1A76F148-ABCB-4F0C-A041-D00E60ED287E}.Release|x64.Build.0 = Release|x64
		{1A76F148-ABCB-4F0C-A041-D00E60ED287E}.Release|x86.ActiveCfg = Release|Win32
		{1A76F148-ABCB-4F0C-A041-D00E60ED287E}.Release|x86.Build.0 = Release|Win32
		{7D92AABF-B5E6-4FFA-9665-9DD70FE18A29}.Debug|x64.ActiveCfg = Debug|x64
		{7D92AABF-B5E6-4FFA-9665-9DD70FE18A29}.Debug|x64.Build.0 = Debug|x64
		{7D92AABF-B5E6-4FFA-9665-9DD70FE18A29}.Debug|x86.ActiveCfg = Debug|Win32
		{7D92AABF-B5E6-4FFA-9665-9DD70FE18A29}.Debug|x86.Build.0 = Debug|Win32
		{7D92AABF-B5E6-4FFA-9665-9DD70FE18A29}.Release|x64.ActiveCfg = Release|x64
		{7D92AABF-B5E6-4FFA-9665-9DD70FE18A29}.Release|x64.Build.0 = Release|x64
		{7D92AABF-B5E6-4FFA-9665-9DD70FE18A29}.Release|x86.ActiveCfg = Release|Win32
		{7D92AABF-B5E6-4FFA-9665-9DD70FE18A29}.Release|x86.Build.0 = Release|Win32
		{12078E4C-92B9-466C-B185-61AEF3E77773}.Debug|x64.ActiveCfg = Debug|x64
		{12078E4C-92B9-466C-B185-61AEF3E77773}.Debug|x64.Build.0 = Debug|x64
		{12078E4C-92B9-466C-B185-61AEF3E77773}.Debug|x86.ActiveCfg = Debug|Win32
		{12078E4C-92B9-466C-B185-61AEF3E77773}.Debug|x86.Build.0 = Debug|Win32
		{12078E4C-92B9-466C-B185-61AEF3E77773}.Release|x64.ActiveCfg = Release|x64
		{12078E4C-92B9-466C-B185-61AEF3E77773}.Release|x64.Build.0 = Release|x64
		{12078E4C-92B9-466C-B185-61AEF3E77773}.Release|x86.ActiveCfg = Release|Win32
		{12078E4C-92B9-466C-B185-61AEF3E77773}.Release|x86.Build.0 = Release|Win32
		{58F9F354-9626-4E4A-B2FA-5F121098C998}.Debug|x64.ActiveCfg = Debug|x64
		{58F9F354-9626-4E4A-B2FA-5F121098C998}.Debug|x64.Build.0 = Debug|x64
		{58F9F354-9626-4E4A-B2FA-5F121098C998}.Debug|x86.ActiveCfg = Debug|Win32
		{58F9F354-9626-4E4A-B2FA-5F121098C998}.Debug|x86.Build.0 = Debug|Win32
		{58F9F354-9626-4E4A-B2FA-5F121098C998}.Release|x64.ActiveCfg = Release|x64
		{58F9F354-9626-4E4A-B2FA-5F121098C998}.Release|x64.Build.0 = Release|x64
		{58F9F354-9626-4E4A-B2FA-5F121098C998}.Release|x86.ActiveCfg = Release|Win32
		{58F9F354-9626-4E4A-B2FA-5F121098C998}.Release|x86.Build.0 = Release|Win32
		{1AF4250F-B6FC-4BBE-8C7D-993257E9B4CA}.Debug|x64.ActiveCfg = Debug|x64
		{1AF4250F-B6FC-4BBE-8C7D-993257E9B4CA}.Debug|x64.Build.0 = Debug|x64
		{1AF4250F-B6FC-4BBE-8C7D-993257E9B4CA}.Debug|x86.ActiveCfg = Debug|Win32
		{1AF4250F-B6FC-4BBE-8C7D-993257E9B4CA}.Debug|x86.Build.0 = Debug|Win32
		{1AF4250F-B6FC-4BBE-8C7D-993257E9B4CA}.Release|x64.ActiveCfg = Release|x64
		{1AF4250F-B6FC-4BBE-8C7D-993257E9B4CA}.Release|x64.Build.0 = Release|x64
		{1AF4250F-B6FC-4BBE-8C7D-993257E9B4CA}.Release|x86.ActiveCfg = Release|Win32
		{1AF4250F-B6FC-4BBE-8C7D-993257E9B4CA}.Release|x86.Build.0 = Release|Win32
		{FE721D67-D252-42F5-B04D-06ABC3890D86}.Debug|x64.ActiveCfg = Debug|x64
		{FE721D67-D252-42F5-B04D-06ABC3890D86}.Debug|x64.Build.0 = Debug|x64
		{FE721D67-D252-42F5-B04D-06ABC3890D86}.Debug|x86.ActiveCfg = Debug|Win32
		{FE721D67-D252-42F5-B04D-06ABC3890D86}.Debug|x86.Build.0 = Debug|Win32
		{FE721D67-D252-42F5-B04D-06ABC3890D86}.Release|x64.ActiveCfg = Release|x64
		{FE721D67-D252-42F5-B04D-06ABC3890D86}.Release|x64.Build.0 = Release|x64
		{FE721D67-D252-42F5-B04D-06ABC3890D86}.Release|x86.ActiveCfg = Release|Win32
		{FE721D67-D252-42F5-B04D-06ABC3890D86}.Release|x86.Build.0 = Release|Win32
		{8C395A18-E536-4AEA-A40E-BCC606CEEDBC}.Debug|x64.ActiveCfg = Debug|x64
		{8C395A18-E536-4AEA-A40E-BCC606CEEDBC}.Debug|x64.Build.0 = Debug|x64
		{8C395A18-E536-4AEA-A40E-BCC606CEEDBC}.Debug|x86.ActiveCfg = Debug|Win32
		{8C395A18-E536-4AEA-A40E-BCC606CEEDBC}.Debug|x86.Build.0 = Debug|Win32
		{8C395A18-E536-4AEA-A40E-BCC606CEEDBC}.Release|x64.ActiveCfg = Release|x64
		{8C395A18-E536-4AEA-A40E-BCC606CEEDBC}.Release|x64.Build.0 = Release|x64
		{8C395A18-E536-4AEA-A40E-BCC606CEEDBC}.Release|x86.ActiveCfg = Release|Win32
		{8C395A18-E536-4AEA-A40E-BCC606CEEDBC}.Release|x86.Build.0 = Release|Win32
		{212B3E73-E0E5-4E27-A454-6F71C9084EAE}.Debug|x64.ActiveCfg = Debug|x64
		{212B3E73-E0E5-4E27-A454-6F71C9084EAE}.Debug|x64.Build.0 = Debug|x64
		{212B3E73-E0E5-4E27-A454-6F71C9084EAE}.Debug|x86.ActiveCfg = Debug|Win32
		{212B3E73-E0E5-4E27-A454-6F71C9084EAE}.Debug|x86.Build.0 = Debug|Win32
		{212B3E73-E0E5-4E27-A454-6F71C9084EAE}.Release|x64.ActiveCfg = Release|x64
		{212B3E73-E0E5-4E27-A454-6F71C9084EAE}.Release|x64.Build.0 = Release|x64
		{212B3E73-E0E5-4E27-A454-6F71C9084EAE}.Release|x86.ActiveCfg = Release|Win32
		{212B3E73-E0E5-4E27-A454-6F71C9084EAE}.Release|x86.Build.0 = Release|Win32
		{92AA714E-7828-4D28-A602-1EFB09988B9F}.Debug|x64.ActiveCfg = Debug|x64
		{92AA714E-7828-4D28-A602-1EFB09988B9F}.Debug|x64.Build.0 = Debug|x64
		{92AA714E-7828-4D28-A602-1EFB09988B9F}.Debug|x86.ActiveCfg = Debug|Win32
		{92AA714E-7828-4D28-A602-1EFB09988B9F}.Debug|x86.Build.0 = Debug|Win32
		{92AA714E-7828-4D28-A602-1EFB09988B9F}.Release|x64.ActiveCfg = Release|x64
		{92AA714E-7828-4D28-A602-1EFB09988B9F}.Release|x64.Build.0 = Release|x64
		{92AA714E-7828-4D28-A602-1EFB09988B9F}.Release|x86.ActiveCfg = Release|Win32
		{92AA714E-7828-4D28-A602-1EFB09988B9F}.Release|x86.Build.0 = Release|Win32
		{123E1474-B2A8-4498-AAB0-BFAA1F0C484C}.Debug|x64.ActiveCfg = Debug|x64
		{123E1474-B2A8-4498-AAB0-BFAA1F0C484C}.Debug|x64.Build.0 = Debug|x64
		{123E1474-B2A8-4498-AAB0-BFAA1F0C484C}.Debug|x86.ActiveCfg = Debug|Win32
		{123E1474-B2A8-4498-AAB0-BFAA1F0C484C}.Debug|x86.Build.0 = Debug|Win32
		{123E1474-B2A8-4498-AAB0-BFAA1F0C484C}.Release|x64.ActiveCfg = Release|x64
		{123E1474-B2A8-4498-AAB0-BFAA1F0C484C}.Release|x64.Build.0 = Release|x64
		{123E1474-B2A8-4498-AAB0-BFAA1F0C484C}.Release|x86.ActiveCfg = Release|Win32
		{123E1474-B2A8-4498-AAB0-BFAA1F0C484C}.Release|x86.Build.0 = Release|Win32
		{9B30AFBB-6BE5-4FA5-8171-07A5E4F2FCD3}.Debug|x64.ActiveCfg = Debug|x64
		{9B30AFBB-6BE5-4FA5-8171-07A5E4F2FCD3}.Debug|x64.Build.0 = Debug|x64
		{9B30AFBB-6BE5-4FA5-8171-07A5E4F2FCD3}.Debug|x86.ActiveCfg = Debug|Win32
		{9B30AFBB-6BE5-4FA5-8171-07A5E4F2FCD3}.Debug|x86.Build.0 = Debug|Win32
		{9B30AFBB-6BE5-4FA5-8171-07A5E4F2FCD3}.Release|x64.ActiveCfg = Release|x64
		{9B30AFBB-6BE5-4FA5-8171-07A5E4F2FCD3}.Release|x64.Build.0 = Release|x64
		{9B30AFBB-6BE5-4FA5-8171-07A5E4F2FCD3}.Release|x86.ActiveCfg = Release|Win32
		{9B30AFBB-6BE5-4FA5-8171-07A5E4F2FCD3}.Release|x86.Build.0 = Release|Win32
		{A5687233-8D52-4414-9CC3-DF2F54FD4951}.Debug|x64.ActiveCfg = Debug|x64
		{A5687233-8D52-4414-9CC3-DF2F54FD4951}.Debug|x64.Build.0 = Debug|x64
		{A5687233-8D52-4414-9CC3-DF2F54FD4951}.Debug|x86.ActiveCfg = Debug|Win32
		{A5687233-8D52-4414-9CC3-DF2F54FD4951}.Debug|x86.Build.0 = Debug|Win32
		{A5687233-8D52-4414-9CC3-DF2F54FD4951}.Release|x64.ActiveCfg = Release|x64
		{A5687233-8D52-4414-9CC3-DF2F54FD4951}.Release|x64.Build.0 = Release|x64
		{A5687233-8D52-4414-9CC3-DF2F54FD4951}.Release|x86.ActiveCfg = Release|Win32
		{A5687233-8D52-4414-9CC3-DF2F54FD4951}.Release|x86.Build.0 = Release|Win32
		{09B03C4C-928B-4B51-BEBD-A15C51F54E43}.Debug|x64.ActiveCfg = Debug|x64
		{09B03C4C-928B-4B51-BEBD-A15C51F54E43}.Debug|x64.Build.0 = Debug|x64
		{09B03C4C-928B-4B51-BEBD-A15C51F54E43}.Debug|x86.ActiveCfg = Debug|Win32
		{09B03C4C-928B-4B51-BEBD-A15C51F54E43}.Debug|x86.Build.0 = Debug|Win32
		{09B03C4C-928B-4B51-BEBD-A15C51F54E43}.Release|x64.ActiveCfg = Release|x64
		{09B03C4C-928B-4B51-BEBD-A15C51F54E43}.Release|x64.Build.0 = Release|x64
		{09B03C4C-928B-4B51-BEBD-A15C51F54E43}.Release|x86.ActiveCfg = Release|Win32
		{09B03C4C-928B-4B51-BEBD-A15C51F54E43}.Release|x86.Build.0 = Release|Win32
		{1678B381-448D-42ED-8334-BA42D96317FB}.Debug|x64.ActiveCfg = Debug|x64
		{1678B381-448D-42ED-8334-BA42D96317FB}.Debug|x64.Build.0 = Debug|x64
		{1678B381-448D-42ED-8334-BA42D96317FB}.Debug|x86.ActiveCfg = Debug|Win32
		{1678B381-448D-42ED-8334-BA42D96317FB}.Debug|x86.Build.0 = Debug|Win32
		{1678B381-448D-42ED-8334-BA42D96317FB}.Release|x64.ActiveCfg = Release|x64
		{1678B381-448D-42ED-8334-BA42D96317FB}.Release|x64.Build.0 = Release|x64
		{1678B381-448D-42ED-8334-BA42D96317FB}.Release|x86.ActiveCfg = Release|Win32
		{1678B381-448D-42ED-8334-BA42D96317FB}.Release|x86.Build.0 = Release|Win32
		{FDE7E5E7-5186-425C-817C-28349DBD2310}.Debug|x64.ActiveCfg = Debug|x64
		{FDE7E5E7-5186-425C-817C-28349DBD2310}.Debug|x64.Build.0 = Debug|x64
		{FDE7E5E7-5186-425C-817C-28349DBD2310}.Debug|x86.ActiveCfg = Debug|Win32
		{FDE7E5E7-5186-425C-817C-28349DBD2310}.Debug|x86.Build.0 = Debug|Win32
		{FDE7E5E7-5186-425C-817C-28349DBD2310}.Release|x64.ActiveCfg = Release|x64
		{FDE7E5E7-5186-425C-817C-28349DBD2310}.Release|x64.Build.0 = Release|x64
		{FDE7E5E7-5186-425C-817C-28349DBD2310}.Release|x86.ActiveCfg = Release|Win32
		{FDE7E5E7-5186-425C-817C-28349DBD2310}.Release|x86.Build.0 = Release|Win32
		{A1CA0FBA-5F8C-4049-82F9-6EE3B38567E0}.Debug|x64.ActiveCfg = Debug|x64
		{A1CA0FBA-5F8C-4049-82F9-6EE3B38567E0}.Debug|x64.Build.0 = Debug|x64
		{A1CA0FBA-5F8C-4049-82F9-6EE3B38567E0}.Debug|x86.ActiveCfg = Debug|Win32
		{A1CA0FBA-5F8C-4049-82F9-6EE3B38567E0}.Debug|x86.Build.0 = Debug|Win32
		{A1CA0FBA-5F8C-4049-82F9-6EE3B38567E0}.Release|x64.ActiveCfg = Release|x64
		{A1CA0FBA-5F8C-4049-82F9-6EE3B38567E0}.Release|x64.Build.0 = Release|x64
		{A1CA0FBA-5F8C-4049-82F9-6EE3B38567E0}.Release|x86.ActiveCfg = Release|Win32
		{A1CA0FBA-5F8C-4049-82F9-6EE3B38567E0}.Release|x86.Build.0 = Release|Win32
	EndGlobalSection
	GlobalSection(SolutionProperties) = preSolution
		HideSolutionNode = FALSE
	EndGlobalSection
	GlobalSection(ExtensibilityGlobals) = postSolution
		SolutionGuid = {89CC6436-0CED-4681-8D81-A7CA17D61FAF}
	EndGlobalSection
EndGlobal
